PODS:
  - AFNetworking (4.0.1):
    - AFNetworking/NSURLSession (= 4.0.1)
    - AFNetworking/Reachability (= 4.0.1)
    - AFNetworking/Security (= 4.0.1)
    - AFNetworking/Serialization (= 4.0.1)
    - AFNetworking/UIKit (= 4.0.1)
  - AFNetworking/NSURLSession (4.0.1):
    - AFNetworking/Reachability
    - AFNetworking/Security
    - AFNetworking/Serialization
  - AFNetworking/Reachability (4.0.1)
  - AFNetworking/Security (4.0.1)
  - AFNetworking/Serialization (4.0.1)
  - AFNetworking/UIKit (4.0.1):
    - AFNetworking/NSURLSession
  - iOSDFULibrary (4.3.0):
    - ZIPFoundation (~> 0.9.8)
  - IQKeyboardManager (6.5.6)
  - Masonry (1.1.0)
  - MBProgressHUD (1.2.0)
  - MJExtension (3.4.1)
  - ZIPFoundation (0.9.13)

DEPENDENCIES:
  - AFNetworking
  - iOSDFULibrary (~> 4.3.0)
  - IQKeyboardManager
  - Masonry
  - MBProgressHUD
  - MJExtension
  - ZIPFoundation (~> 0.9.8)

SPEC REPOS:
  trunk:
    - AFNetworking
    - iOSDFULibrary
    - IQKeyboardManager
    - Masonry
    - MBProgressHUD
    - MJExtension
    - ZIPFoundation

SPEC CHECKSUMS:
  AFNetworking: 7864c38297c79aaca1500c33288e429c3451fdce
  iOSDFULibrary: 41a38d1d2550bf2b0c81e7ccd006af3a96c8149b
  IQKeyboardManager: 2a6e97afdafc7becf0cb17a9a8d795e3a980717f
  Masonry: 678fab65091a9290e40e2832a55e7ab731aad201
  MBProgressHUD: 3ee5efcc380f6a79a7cc9b363dd669c5e1ae7406
  MJExtension: 21c5f6f8c4d5d8844b7ae8fbae08fed0b501f961
  ZIPFoundation: ae5b4b813d216d3bf0a148773267fff14bd51d37

PODFILE CHECKSUM: b42b269ab6c5c260f6284fed04f11323420ee66f

COCOAPODS: 1.11.2
