// !$*UTF8*$!
{
	archiveVersion = 1;
	classes = {
	};
	objectVersion = 50;
	objects = {

/* Begin PBXBuildFile section */
		4F27C24E226EA12A000FB7CF /* Assets.xcassets in Resources */ = {isa = PBXBuildFile; fileRef = 4F27C1E0226EA12A000FB7CF /* Assets.xcassets */; };
		4F27C254226EA12A000FB7CF /* NetUtil.m in Sources */ = {isa = PBXBuildFile; fileRef = 4F27C1EE226EA12A000FB7CF /* NetUtil.m */; };
		4F27C255226EA12A000FB7CF /* LaunchScreen.storyboard in Resources */ = {isa = PBXBuildFile; fileRef = 4F27C1EF226EA12A000FB7CF /* LaunchScreen.storyboard */; };
		4F27C256226EA12A000FB7CF /* main.m in Sources */ = {isa = PBXBuildFile; fileRef = 4F27C1F3226EA12A000FB7CF /* main.m */; };
		4F27C257226EA12A000FB7CF /* FingerprintModel.m in Sources */ = {isa = PBXBuildFile; fileRef = 4F27C1F6226EA12A000FB7CF /* FingerprintModel.m */; };
		4F27C258226EA12A000FB7CF /* KeyModel.m in Sources */ = {isa = PBXBuildFile; fileRef = 4F27C1F7226EA12A000FB7CF /* KeyModel.m */; };
		4F27C259226EA12A000FB7CF /* ICCardModel.m in Sources */ = {isa = PBXBuildFile; fileRef = 4F27C1F8226EA12A000FB7CF /* ICCardModel.m */; };
		4F27C25A226EA12A000FB7CF /* UserModel.m in Sources */ = {isa = PBXBuildFile; fileRef = 4F27C1F9226EA12A000FB7CF /* UserModel.m */; };
		4F27C25B226EA12A000FB7CF /* LockModel.m in Sources */ = {isa = PBXBuildFile; fileRef = 4F27C1FB226EA12A000FB7CF /* LockModel.m */; };
		4F27C25C226EA12A000FB7CF /* AppDelegate.m in Sources */ = {isa = PBXBuildFile; fileRef = 4F27C1FF226EA12A000FB7CF /* AppDelegate.m */; };
		4F27C265226EA12A000FB7CF /* ICCardTableViewController.m in Sources */ = {isa = PBXBuildFile; fileRef = 4F27C219226EA12A000FB7CF /* ICCardTableViewController.m */; };
		4F27C266226EA12A000FB7CF /* KeyViewController.m in Sources */ = {isa = PBXBuildFile; fileRef = 4F27C21B226EA12A000FB7CF /* KeyViewController.m */; };
		4F27C268226EA12A000FB7CF /* LockTableViewController.m in Sources */ = {isa = PBXBuildFile; fileRef = 4F27C21E226EA12A000FB7CF /* LockTableViewController.m */; };
		4F27C269226EA12A000FB7CF /* LockViewController.m in Sources */ = {isa = PBXBuildFile; fileRef = 4F27C220226EA12A000FB7CF /* LockViewController.m */; };
		4F27C26A226EA12A000FB7CF /* FingerprintViewController.m in Sources */ = {isa = PBXBuildFile; fileRef = 4F27C222226EA12A000FB7CF /* FingerprintViewController.m */; };
		4F27C26B226EA12A000FB7CF /* NavigationController.m in Sources */ = {isa = PBXBuildFile; fileRef = 4F27C223226EA12A000FB7CF /* NavigationController.m */; };
		4F27C26C226EA12A000FB7CF /* LockAddViewController.m in Sources */ = {isa = PBXBuildFile; fileRef = 4F27C226226EA12A000FB7CF /* LockAddViewController.m */; };
		4F27C26D226EA12A000FB7CF /* ICCardViewController.m in Sources */ = {isa = PBXBuildFile; fileRef = 4F27C227226EA12A000FB7CF /* ICCardViewController.m */; };
		4F27C26E226EA12A000FB7CF /* FingerprintTableViewController.m in Sources */ = {isa = PBXBuildFile; fileRef = 4F27C229226EA12A000FB7CF /* FingerprintTableViewController.m */; };
		4F27C26F226EA12A000FB7CF /* LoginViewController.m in Sources */ = {isa = PBXBuildFile; fileRef = 4F27C22B226EA12A000FB7CF /* LoginViewController.m */; };
		4F27C270226EA12A000FB7CF /* NSDate+Extension.m in Sources */ = {isa = PBXBuildFile; fileRef = 4F27C231226EA12A000FB7CF /* NSDate+Extension.m */; };
		4F27C271226EA12A000FB7CF /* NSString+Extension.m in Sources */ = {isa = PBXBuildFile; fileRef = 4F27C232226EA12A000FB7CF /* NSString+Extension.m */; };
		4F27C272226EA12A000FB7CF /* UIView+Extension.m in Sources */ = {isa = PBXBuildFile; fileRef = 4F27C233226EA12A000FB7CF /* UIView+Extension.m */; };
		4F7AD0C12280027C002A7B1A /* Localizable.strings in Resources */ = {isa = PBXBuildFile; fileRef = 4F7AD0C32280027C002A7B1A /* Localizable.strings */; };
		4FC7DEDE226EEC0C00CFEEEA /* PasscodeViewController.m in Sources */ = {isa = PBXBuildFile; fileRef = 4FC7DEDD226EEC0C00CFEEEA /* PasscodeViewController.m */; };
		4FC7DEE9226F056C00CFEEEA /* NSDate+CalculateDay.m in Sources */ = {isa = PBXBuildFile; fileRef = 4FC7DEE5226F056C00CFEEEA /* NSDate+CalculateDay.m */; };
		4FC7DEEA226F056C00CFEEEA /* KMDatePicker.m in Sources */ = {isa = PBXBuildFile; fileRef = 4FC7DEE6226F056C00CFEEEA /* KMDatePicker.m */; };
		4FC7DEEB226F056C00CFEEEA /* DateHelper.m in Sources */ = {isa = PBXBuildFile; fileRef = 4FC7DEE7226F056C00CFEEEA /* DateHelper.m */; };
		4FC7DEEC226F056C00CFEEEA /* KMDatePickerDateModel.m in Sources */ = {isa = PBXBuildFile; fileRef = 4FC7DEE8226F056C00CFEEEA /* KMDatePickerDateModel.m */; };
		4FCF8FD42272A0FB00ABA614 /* GatewayTableViewController.m in Sources */ = {isa = PBXBuildFile; fileRef = 4FCF8FD32272A0FB00ABA614 /* GatewayTableViewController.m */; };
		4FCF8FD72272B16700ABA614 /* Gateway1AddViewController.m in Sources */ = {isa = PBXBuildFile; fileRef = 4FCF8FD62272B16700ABA614 /* Gateway1AddViewController.m */; };
		4FCF8FE02272B4C500ABA614 /* RoundCornerButton.m in Sources */ = {isa = PBXBuildFile; fileRef = 4FCF8FDF2272B4C500ABA614 /* RoundCornerButton.m */; };
		4FCF8FE62272DF9D00ABA614 /* GatewayTypeTableViewController.m in Sources */ = {isa = PBXBuildFile; fileRef = 4FCF8FE52272DF9D00ABA614 /* GatewayTypeTableViewController.m */; };
		4FCF8FE92272F99D00ABA614 /* GatewayModel.m in Sources */ = {isa = PBXBuildFile; fileRef = 4FCF8FE82272F99D00ABA614 /* GatewayModel.m */; };
		4FF3A0EF226EA59800340C8A /* Info.plist in Resources */ = {isa = PBXBuildFile; fileRef = 4FF3A0EE226EA59800340C8A /* Info.plist */; };
		80F19A32A16C86DCFE35CDBD /* Pods_iOS_SDK_Demo.framework in Frameworks */ = {isa = PBXBuildFile; fileRef = 976EC5982C8F3FCCDE92ED32 /* Pods_iOS_SDK_Demo.framework */; };
		FC24AB562273071500EC47E7 /* FirmwareUpdateModel.m in Sources */ = {isa = PBXBuildFile; fileRef = FC24AB542273071500EC47E7 /* FirmwareUpdateModel.m */; };
		FC7EFF7D2281B1FF0003EF81 /* TTLockDFU.framework in Frameworks */ = {isa = PBXBuildFile; fileRef = FC7EFF7C2281B1FF0003EF81 /* TTLockDFU.framework */; };
		FC7EFF802281B2110003EF81 /* TTLockGateway.framework in Frameworks */ = {isa = PBXBuildFile; fileRef = FC7EFF7E2281B20A0003EF81 /* TTLockGateway.framework */; };
		FC8D1C0B22768DAC002E21D0 /* GatewayLockListModel.m in Sources */ = {isa = PBXBuildFile; fileRef = FC8D1C0A22768DAC002E21D0 /* GatewayLockListModel.m */; };
		FC94D9D8228266B20035BB07 /* TTLock.framework in Frameworks */ = {isa = PBXBuildFile; fileRef = FC94D9D6228266820035BB07 /* TTLock.framework */; };
		FCA6445B22A8ED1F0062463E /* KeypadViewController.m in Sources */ = {isa = PBXBuildFile; fileRef = FCA6445122A8ED1E0062463E /* KeypadViewController.m */; };
		FCA6445C22A8ED1F0062463E /* KeypadAddViewController.m in Sources */ = {isa = PBXBuildFile; fileRef = FCA6445422A8ED1E0062463E /* KeypadAddViewController.m */; };
		FCA6445D22A8ED1F0062463E /* KeypadAddGuide2ViewController.m in Sources */ = {isa = PBXBuildFile; fileRef = FCA6445622A8ED1E0062463E /* KeypadAddGuide2ViewController.m */; };
		FCA6445E22A8ED1F0062463E /* KeypadTableViewController.m in Sources */ = {isa = PBXBuildFile; fileRef = FCA6445722A8ED1E0062463E /* KeypadTableViewController.m */; };
		FCA6445F22A8ED1F0062463E /* KeypadAddGuide1ViewController.m in Sources */ = {isa = PBXBuildFile; fileRef = FCA6445922A8ED1E0062463E /* KeypadAddGuide1ViewController.m */; };
		FCA6446222A8ED400062463E /* HomeViewController.m in Sources */ = {isa = PBXBuildFile; fileRef = FCA6446122A8ED400062463E /* HomeViewController.m */; };
		FCA6446522A8EE7F0062463E /* LockUpgradeViewController.m in Sources */ = {isa = PBXBuildFile; fileRef = FCA6446322A8EE7F0062463E /* LockUpgradeViewController.m */; };
		FCA6447222A8EF260062463E /* GatewayUpgradeViewController.m in Sources */ = {isa = PBXBuildFile; fileRef = FCA6446922A8EF260062463E /* GatewayUpgradeViewController.m */; };
		FCA6447322A8EF260062463E /* Gateway2AddViewController.m in Sources */ = {isa = PBXBuildFile; fileRef = FCA6446A22A8EF260062463E /* Gateway2AddViewController.m */; };
		FCA6447422A8EF260062463E /* ChooseSSIDView.m in Sources */ = {isa = PBXBuildFile; fileRef = FCA6446C22A8EF260062463E /* ChooseSSIDView.m */; };
		FCA6447522A8EF260062463E /* GuideGatewayViewController.m in Sources */ = {isa = PBXBuildFile; fileRef = FCA6446F22A8EF260062463E /* GuideGatewayViewController.m */; };
		FCA6447622A8EF260062463E /* ChooseGatewayViewController.m in Sources */ = {isa = PBXBuildFile; fileRef = FCA6447122A8EF260062463E /* ChooseGatewayViewController.m */; };
		FCA6447922A8EFE40062463E /* KeypadModel.m in Sources */ = {isa = PBXBuildFile; fileRef = FCA6447822A8EFE40062463E /* KeypadModel.m */; };
		FCC800BE2275AEB300A5C9B8 /* GateWayDetailViewController.m in Sources */ = {isa = PBXBuildFile; fileRef = FCC800BD2275AEB300A5C9B8 /* GateWayDetailViewController.m */; };
		FCC800C12275B43800A5C9B8 /* GatewayListLockTableViewController.m in Sources */ = {isa = PBXBuildFile; fileRef = FCC800C02275B43800A5C9B8 /* GatewayListLockTableViewController.m */; };
/* End PBXBuildFile section */

/* Begin PBXFileReference section */
		4F27C1DE226EA12A000FB7CF /* AppDelegate.h */ = {isa = PBXFileReference; fileEncoding = 4; lastKnownFileType = sourcecode.c.h; path = AppDelegate.h; sourceTree = "<group>"; };
		4F27C1E0226EA12A000FB7CF /* Assets.xcassets */ = {isa = PBXFileReference; lastKnownFileType = folder.assetcatalog; path = Assets.xcassets; sourceTree = "<group>"; };
		4F27C1ED226EA12A000FB7CF /* NetUtil.h */ = {isa = PBXFileReference; fileEncoding = 4; lastKnownFileType = sourcecode.c.h; path = NetUtil.h; sourceTree = "<group>"; };
		4F27C1EE226EA12A000FB7CF /* NetUtil.m */ = {isa = PBXFileReference; fileEncoding = 4; lastKnownFileType = sourcecode.c.objc; path = NetUtil.m; sourceTree = "<group>"; };
		4F27C1F0226EA12A000FB7CF /* Base */ = {isa = PBXFileReference; lastKnownFileType = file.storyboard; name = Base; path = Base.lproj/LaunchScreen.storyboard; sourceTree = "<group>"; };
		4F27C1F3226EA12A000FB7CF /* main.m */ = {isa = PBXFileReference; fileEncoding = 4; lastKnownFileType = sourcecode.c.objc; path = main.m; sourceTree = "<group>"; };
		4F27C1F5226EA12A000FB7CF /* LockModel.h */ = {isa = PBXFileReference; fileEncoding = 4; lastKnownFileType = sourcecode.c.h; path = LockModel.h; sourceTree = "<group>"; };
		4F27C1F6226EA12A000FB7CF /* FingerprintModel.m */ = {isa = PBXFileReference; fileEncoding = 4; lastKnownFileType = sourcecode.c.objc; path = FingerprintModel.m; sourceTree = "<group>"; };
		4F27C1F7226EA12A000FB7CF /* KeyModel.m */ = {isa = PBXFileReference; fileEncoding = 4; lastKnownFileType = sourcecode.c.objc; path = KeyModel.m; sourceTree = "<group>"; };
		4F27C1F8226EA12A000FB7CF /* ICCardModel.m */ = {isa = PBXFileReference; fileEncoding = 4; lastKnownFileType = sourcecode.c.objc; path = ICCardModel.m; sourceTree = "<group>"; };
		4F27C1F9226EA12A000FB7CF /* UserModel.m */ = {isa = PBXFileReference; fileEncoding = 4; lastKnownFileType = sourcecode.c.objc; path = UserModel.m; sourceTree = "<group>"; };
		4F27C1FA226EA12A000FB7CF /* FingerprintModel.h */ = {isa = PBXFileReference; fileEncoding = 4; lastKnownFileType = sourcecode.c.h; path = FingerprintModel.h; sourceTree = "<group>"; };
		4F27C1FB226EA12A000FB7CF /* LockModel.m */ = {isa = PBXFileReference; fileEncoding = 4; lastKnownFileType = sourcecode.c.objc; path = LockModel.m; sourceTree = "<group>"; };
		4F27C1FC226EA12A000FB7CF /* KeyModel.h */ = {isa = PBXFileReference; fileEncoding = 4; lastKnownFileType = sourcecode.c.h; path = KeyModel.h; sourceTree = "<group>"; };
		4F27C1FD226EA12A000FB7CF /* UserModel.h */ = {isa = PBXFileReference; fileEncoding = 4; lastKnownFileType = sourcecode.c.h; path = UserModel.h; sourceTree = "<group>"; };
		4F27C1FE226EA12A000FB7CF /* ICCardModel.h */ = {isa = PBXFileReference; fileEncoding = 4; lastKnownFileType = sourcecode.c.h; path = ICCardModel.h; sourceTree = "<group>"; };
		4F27C1FF226EA12A000FB7CF /* AppDelegate.m */ = {isa = PBXFileReference; fileEncoding = 4; lastKnownFileType = sourcecode.c.objc; path = AppDelegate.m; sourceTree = "<group>"; };
		4F27C216226EA12A000FB7CF /* LockViewController.h */ = {isa = PBXFileReference; fileEncoding = 4; lastKnownFileType = sourcecode.c.h; path = LockViewController.h; sourceTree = "<group>"; };
		4F27C217226EA12A000FB7CF /* NavigationController.h */ = {isa = PBXFileReference; fileEncoding = 4; lastKnownFileType = sourcecode.c.h; path = NavigationController.h; sourceTree = "<group>"; };
		4F27C218226EA12A000FB7CF /* FingerprintViewController.h */ = {isa = PBXFileReference; fileEncoding = 4; lastKnownFileType = sourcecode.c.h; path = FingerprintViewController.h; sourceTree = "<group>"; };
		4F27C219226EA12A000FB7CF /* ICCardTableViewController.m */ = {isa = PBXFileReference; fileEncoding = 4; lastKnownFileType = sourcecode.c.objc; path = ICCardTableViewController.m; sourceTree = "<group>"; };
		4F27C21A226EA12A000FB7CF /* LockAddViewController.h */ = {isa = PBXFileReference; fileEncoding = 4; lastKnownFileType = sourcecode.c.h; path = LockAddViewController.h; sourceTree = "<group>"; };
		4F27C21B226EA12A000FB7CF /* KeyViewController.m */ = {isa = PBXFileReference; fileEncoding = 4; lastKnownFileType = sourcecode.c.objc; path = KeyViewController.m; sourceTree = "<group>"; };
		4F27C21D226EA12A000FB7CF /* FingerprintTableViewController.h */ = {isa = PBXFileReference; fileEncoding = 4; lastKnownFileType = sourcecode.c.h; path = FingerprintTableViewController.h; sourceTree = "<group>"; };
		4F27C21E226EA12A000FB7CF /* LockTableViewController.m */ = {isa = PBXFileReference; fileEncoding = 4; lastKnownFileType = sourcecode.c.objc; path = LockTableViewController.m; sourceTree = "<group>"; };
		4F27C21F226EA12A000FB7CF /* ICCardViewController.h */ = {isa = PBXFileReference; fileEncoding = 4; lastKnownFileType = sourcecode.c.h; path = ICCardViewController.h; sourceTree = "<group>"; };
		4F27C220226EA12A000FB7CF /* LockViewController.m */ = {isa = PBXFileReference; fileEncoding = 4; lastKnownFileType = sourcecode.c.objc; path = LockViewController.m; sourceTree = "<group>"; };
		4F27C221226EA12A000FB7CF /* ICCardTableViewController.h */ = {isa = PBXFileReference; fileEncoding = 4; lastKnownFileType = sourcecode.c.h; path = ICCardTableViewController.h; sourceTree = "<group>"; };
		4F27C222226EA12A000FB7CF /* FingerprintViewController.m */ = {isa = PBXFileReference; fileEncoding = 4; lastKnownFileType = sourcecode.c.objc; path = FingerprintViewController.m; sourceTree = "<group>"; };
		4F27C223226EA12A000FB7CF /* NavigationController.m */ = {isa = PBXFileReference; fileEncoding = 4; lastKnownFileType = sourcecode.c.objc; path = NavigationController.m; sourceTree = "<group>"; };
		4F27C225226EA12A000FB7CF /* KeyViewController.h */ = {isa = PBXFileReference; fileEncoding = 4; lastKnownFileType = sourcecode.c.h; path = KeyViewController.h; sourceTree = "<group>"; };
		4F27C226226EA12A000FB7CF /* LockAddViewController.m */ = {isa = PBXFileReference; fileEncoding = 4; lastKnownFileType = sourcecode.c.objc; path = LockAddViewController.m; sourceTree = "<group>"; };
		4F27C227226EA12A000FB7CF /* ICCardViewController.m */ = {isa = PBXFileReference; fileEncoding = 4; lastKnownFileType = sourcecode.c.objc; path = ICCardViewController.m; sourceTree = "<group>"; };
		4F27C228226EA12A000FB7CF /* LockTableViewController.h */ = {isa = PBXFileReference; fileEncoding = 4; lastKnownFileType = sourcecode.c.h; path = LockTableViewController.h; sourceTree = "<group>"; };
		4F27C229226EA12A000FB7CF /* FingerprintTableViewController.m */ = {isa = PBXFileReference; fileEncoding = 4; lastKnownFileType = sourcecode.c.objc; path = FingerprintTableViewController.m; sourceTree = "<group>"; };
		4F27C22B226EA12A000FB7CF /* LoginViewController.m */ = {isa = PBXFileReference; fileEncoding = 4; lastKnownFileType = sourcecode.c.objc; path = LoginViewController.m; sourceTree = "<group>"; };
		4F27C22C226EA12A000FB7CF /* LoginViewController.h */ = {isa = PBXFileReference; fileEncoding = 4; lastKnownFileType = sourcecode.c.h; path = LoginViewController.h; sourceTree = "<group>"; };
		4F27C22E226EA12A000FB7CF /* NSString+Extension.h */ = {isa = PBXFileReference; fileEncoding = 4; lastKnownFileType = sourcecode.c.h; path = "NSString+Extension.h"; sourceTree = "<group>"; };
		4F27C22F226EA12A000FB7CF /* NSDate+Extension.h */ = {isa = PBXFileReference; fileEncoding = 4; lastKnownFileType = sourcecode.c.h; path = "NSDate+Extension.h"; sourceTree = "<group>"; };
		4F27C230226EA12A000FB7CF /* UIView+Extension.h */ = {isa = PBXFileReference; fileEncoding = 4; lastKnownFileType = sourcecode.c.h; path = "UIView+Extension.h"; sourceTree = "<group>"; };
		4F27C231226EA12A000FB7CF /* NSDate+Extension.m */ = {isa = PBXFileReference; fileEncoding = 4; lastKnownFileType = sourcecode.c.objc; path = "NSDate+Extension.m"; sourceTree = "<group>"; };
		4F27C232226EA12A000FB7CF /* NSString+Extension.m */ = {isa = PBXFileReference; fileEncoding = 4; lastKnownFileType = sourcecode.c.objc; path = "NSString+Extension.m"; sourceTree = "<group>"; };
		4F27C233226EA12A000FB7CF /* UIView+Extension.m */ = {isa = PBXFileReference; fileEncoding = 4; lastKnownFileType = sourcecode.c.objc; path = "UIView+Extension.m"; sourceTree = "<group>"; };
		4F27C235226EA12A000FB7CF /* TTLockDemoPrefixHeader.pch */ = {isa = PBXFileReference; fileEncoding = 4; lastKnownFileType = sourcecode.c.h; path = TTLockDemoPrefixHeader.pch; sourceTree = "<group>"; };
		4F61AF6F2255CE0A008979D2 /* TTLockSourceCodeDemo.app */ = {isa = PBXFileReference; explicitFileType = wrapper.application; includeInIndex = 0; name = TTLockSourceCodeDemo.app; path = iOS_SDK_Demo.app; sourceTree = BUILT_PRODUCTS_DIR; };
		4F7AD0BE2280016C002A7B1A /* zh-Hans */ = {isa = PBXFileReference; lastKnownFileType = text.plist.strings; name = "zh-Hans"; path = "zh-Hans.lproj/LaunchScreen.strings"; sourceTree = "<group>"; };
		4F7AD0C22280027C002A7B1A /* en */ = {isa = PBXFileReference; lastKnownFileType = text.plist.strings; name = en; path = en.lproj/Localizable.strings; sourceTree = "<group>"; };
		4F7AD0C42280027F002A7B1A /* zh-Hans */ = {isa = PBXFileReference; lastKnownFileType = text.plist.strings; name = "zh-Hans"; path = "zh-Hans.lproj/Localizable.strings"; sourceTree = "<group>"; };
		4FC7DEDC226EEC0C00CFEEEA /* PasscodeViewController.h */ = {isa = PBXFileReference; lastKnownFileType = sourcecode.c.h; path = PasscodeViewController.h; sourceTree = "<group>"; };
		4FC7DEDD226EEC0C00CFEEEA /* PasscodeViewController.m */ = {isa = PBXFileReference; lastKnownFileType = sourcecode.c.objc; path = PasscodeViewController.m; sourceTree = "<group>"; };
		4FC7DEE1226F056C00CFEEEA /* NSDate+CalculateDay.h */ = {isa = PBXFileReference; fileEncoding = 4; lastKnownFileType = sourcecode.c.h; path = "NSDate+CalculateDay.h"; sourceTree = "<group>"; };
		4FC7DEE2226F056C00CFEEEA /* DateHelper.h */ = {isa = PBXFileReference; fileEncoding = 4; lastKnownFileType = sourcecode.c.h; path = DateHelper.h; sourceTree = "<group>"; };
		4FC7DEE3226F056C00CFEEEA /* KMDatePicker.h */ = {isa = PBXFileReference; fileEncoding = 4; lastKnownFileType = sourcecode.c.h; path = KMDatePicker.h; sourceTree = "<group>"; };
		4FC7DEE4226F056C00CFEEEA /* KMDatePickerDateModel.h */ = {isa = PBXFileReference; fileEncoding = 4; lastKnownFileType = sourcecode.c.h; path = KMDatePickerDateModel.h; sourceTree = "<group>"; };
		4FC7DEE5226F056C00CFEEEA /* NSDate+CalculateDay.m */ = {isa = PBXFileReference; fileEncoding = 4; lastKnownFileType = sourcecode.c.objc; path = "NSDate+CalculateDay.m"; sourceTree = "<group>"; };
		4FC7DEE6226F056C00CFEEEA /* KMDatePicker.m */ = {isa = PBXFileReference; fileEncoding = 4; lastKnownFileType = sourcecode.c.objc; path = KMDatePicker.m; sourceTree = "<group>"; };
		4FC7DEE7226F056C00CFEEEA /* DateHelper.m */ = {isa = PBXFileReference; fileEncoding = 4; lastKnownFileType = sourcecode.c.objc; path = DateHelper.m; sourceTree = "<group>"; };
		4FC7DEE8226F056C00CFEEEA /* KMDatePickerDateModel.m */ = {isa = PBXFileReference; fileEncoding = 4; lastKnownFileType = sourcecode.c.objc; path = KMDatePickerDateModel.m; sourceTree = "<group>"; };
		4FCF8FD22272A0FB00ABA614 /* GatewayTableViewController.h */ = {isa = PBXFileReference; lastKnownFileType = sourcecode.c.h; path = GatewayTableViewController.h; sourceTree = "<group>"; };
		4FCF8FD32272A0FB00ABA614 /* GatewayTableViewController.m */ = {isa = PBXFileReference; lastKnownFileType = sourcecode.c.objc; path = GatewayTableViewController.m; sourceTree = "<group>"; };
		4FCF8FD52272B16700ABA614 /* Gateway1AddViewController.h */ = {isa = PBXFileReference; lastKnownFileType = sourcecode.c.h; path = Gateway1AddViewController.h; sourceTree = "<group>"; };
		4FCF8FD62272B16700ABA614 /* Gateway1AddViewController.m */ = {isa = PBXFileReference; lastKnownFileType = sourcecode.c.objc; path = Gateway1AddViewController.m; sourceTree = "<group>"; };
		4FCF8FDE2272B4C500ABA614 /* RoundCornerButton.h */ = {isa = PBXFileReference; lastKnownFileType = sourcecode.c.h; path = RoundCornerButton.h; sourceTree = "<group>"; };
		4FCF8FDF2272B4C500ABA614 /* RoundCornerButton.m */ = {isa = PBXFileReference; lastKnownFileType = sourcecode.c.objc; path = RoundCornerButton.m; sourceTree = "<group>"; };
		4FCF8FE42272DF9D00ABA614 /* GatewayTypeTableViewController.h */ = {isa = PBXFileReference; lastKnownFileType = sourcecode.c.h; path = GatewayTypeTableViewController.h; sourceTree = "<group>"; };
		4FCF8FE52272DF9D00ABA614 /* GatewayTypeTableViewController.m */ = {isa = PBXFileReference; lastKnownFileType = sourcecode.c.objc; path = GatewayTypeTableViewController.m; sourceTree = "<group>"; };
		4FCF8FE72272F99D00ABA614 /* GatewayModel.h */ = {isa = PBXFileReference; lastKnownFileType = sourcecode.c.h; path = GatewayModel.h; sourceTree = "<group>"; };
		4FCF8FE82272F99D00ABA614 /* GatewayModel.m */ = {isa = PBXFileReference; lastKnownFileType = sourcecode.c.objc; path = GatewayModel.m; sourceTree = "<group>"; };
		4FF3A0EE226EA59800340C8A /* Info.plist */ = {isa = PBXFileReference; fileEncoding = 4; lastKnownFileType = text.plist.xml; path = Info.plist; sourceTree = "<group>"; };
		66026471FCA3E154C8DE3C75 /* Pods-TTLockSourceCodeDemo.debug.xcconfig */ = {isa = PBXFileReference; includeInIndex = 1; lastKnownFileType = text.xcconfig; name = "Pods-TTLockSourceCodeDemo.debug.xcconfig"; path = "Pods/Target Support Files/Pods-TTLockSourceCodeDemo/Pods-TTLockSourceCodeDemo.debug.xcconfig"; sourceTree = "<group>"; };
		7515659158804CFCB9B58328 /* Pods-TTLockSourceCodeDemo.release.xcconfig */ = {isa = PBXFileReference; includeInIndex = 1; lastKnownFileType = text.xcconfig; name = "Pods-TTLockSourceCodeDemo.release.xcconfig"; path = "Pods/Target Support Files/Pods-TTLockSourceCodeDemo/Pods-TTLockSourceCodeDemo.release.xcconfig"; sourceTree = "<group>"; };
		9583F189A7394FDEAFC9B19E /* Pods-iOS_SDK_Demo.release.xcconfig */ = {isa = PBXFileReference; includeInIndex = 1; lastKnownFileType = text.xcconfig; name = "Pods-iOS_SDK_Demo.release.xcconfig"; path = "Pods/Target Support Files/Pods-iOS_SDK_Demo/Pods-iOS_SDK_Demo.release.xcconfig"; sourceTree = "<group>"; };
		976EC5982C8F3FCCDE92ED32 /* Pods_iOS_SDK_Demo.framework */ = {isa = PBXFileReference; explicitFileType = wrapper.framework; includeInIndex = 0; path = Pods_iOS_SDK_Demo.framework; sourceTree = BUILT_PRODUCTS_DIR; };
		97B14260C239E9DC85BBA438 /* Pods_TTLockManager.framework */ = {isa = PBXFileReference; explicitFileType = wrapper.framework; includeInIndex = 0; path = Pods_TTLockManager.framework; sourceTree = BUILT_PRODUCTS_DIR; };
		B137C2C10E2CA29C8E6C966F /* Pods-TTLockManager.release.xcconfig */ = {isa = PBXFileReference; includeInIndex = 1; lastKnownFileType = text.xcconfig; name = "Pods-TTLockManager.release.xcconfig"; path = "Pods/Target Support Files/Pods-TTLockManager/Pods-TTLockManager.release.xcconfig"; sourceTree = "<group>"; };
		D6D9C1B0CFD0988EECBF3369 /* Pods-TTLockManager.debug.xcconfig */ = {isa = PBXFileReference; includeInIndex = 1; lastKnownFileType = text.xcconfig; name = "Pods-TTLockManager.debug.xcconfig"; path = "Pods/Target Support Files/Pods-TTLockManager/Pods-TTLockManager.debug.xcconfig"; sourceTree = "<group>"; };
		E6B911AF83DA639756DCA506 /* Pods-iOS_SDK_Demo.debug.xcconfig */ = {isa = PBXFileReference; includeInIndex = 1; lastKnownFileType = text.xcconfig; name = "Pods-iOS_SDK_Demo.debug.xcconfig"; path = "Pods/Target Support Files/Pods-iOS_SDK_Demo/Pods-iOS_SDK_Demo.debug.xcconfig"; sourceTree = "<group>"; };
		FC24AB542273071500EC47E7 /* FirmwareUpdateModel.m */ = {isa = PBXFileReference; fileEncoding = 4; lastKnownFileType = sourcecode.c.objc; path = FirmwareUpdateModel.m; sourceTree = "<group>"; };
		FC24AB552273071500EC47E7 /* FirmwareUpdateModel.h */ = {isa = PBXFileReference; fileEncoding = 4; lastKnownFileType = sourcecode.c.h; path = FirmwareUpdateModel.h; sourceTree = "<group>"; };
		FC7EFF7C2281B1FF0003EF81 /* TTLockDFU.framework */ = {isa = PBXFileReference; lastKnownFileType = wrapper.framework; path = TTLockDFU.framework; sourceTree = "<group>"; };
		FC7EFF7E2281B20A0003EF81 /* TTLockGateway.framework */ = {isa = PBXFileReference; lastKnownFileType = wrapper.framework; path = TTLockGateway.framework; sourceTree = "<group>"; };
		FC8D1C0922768DAC002E21D0 /* GatewayLockListModel.h */ = {isa = PBXFileReference; lastKnownFileType = sourcecode.c.h; path = GatewayLockListModel.h; sourceTree = "<group>"; };
		FC8D1C0A22768DAC002E21D0 /* GatewayLockListModel.m */ = {isa = PBXFileReference; lastKnownFileType = sourcecode.c.objc; path = GatewayLockListModel.m; sourceTree = "<group>"; };
		FC94D9D6228266820035BB07 /* TTLock.framework */ = {isa = PBXFileReference; lastKnownFileType = wrapper.framework; path = TTLock.framework; sourceTree = "<group>"; };
		FCA6445122A8ED1E0062463E /* KeypadViewController.m */ = {isa = PBXFileReference; fileEncoding = 4; lastKnownFileType = sourcecode.c.objc; path = KeypadViewController.m; sourceTree = "<group>"; };
		FCA6445222A8ED1E0062463E /* KeypadAddViewController.h */ = {isa = PBXFileReference; fileEncoding = 4; lastKnownFileType = sourcecode.c.h; path = KeypadAddViewController.h; sourceTree = "<group>"; };
		FCA6445322A8ED1E0062463E /* KeypadAddGuide2ViewController.h */ = {isa = PBXFileReference; fileEncoding = 4; lastKnownFileType = sourcecode.c.h; path = KeypadAddGuide2ViewController.h; sourceTree = "<group>"; };
		FCA6445422A8ED1E0062463E /* KeypadAddViewController.m */ = {isa = PBXFileReference; fileEncoding = 4; lastKnownFileType = sourcecode.c.objc; path = KeypadAddViewController.m; sourceTree = "<group>"; };
		FCA6445522A8ED1E0062463E /* KeypadAddGuide1ViewController.h */ = {isa = PBXFileReference; fileEncoding = 4; lastKnownFileType = sourcecode.c.h; path = KeypadAddGuide1ViewController.h; sourceTree = "<group>"; };
		FCA6445622A8ED1E0062463E /* KeypadAddGuide2ViewController.m */ = {isa = PBXFileReference; fileEncoding = 4; lastKnownFileType = sourcecode.c.objc; path = KeypadAddGuide2ViewController.m; sourceTree = "<group>"; };
		FCA6445722A8ED1E0062463E /* KeypadTableViewController.m */ = {isa = PBXFileReference; fileEncoding = 4; lastKnownFileType = sourcecode.c.objc; path = KeypadTableViewController.m; sourceTree = "<group>"; };
		FCA6445822A8ED1E0062463E /* KeypadTableViewController.h */ = {isa = PBXFileReference; fileEncoding = 4; lastKnownFileType = sourcecode.c.h; path = KeypadTableViewController.h; sourceTree = "<group>"; };
		FCA6445922A8ED1E0062463E /* KeypadAddGuide1ViewController.m */ = {isa = PBXFileReference; fileEncoding = 4; lastKnownFileType = sourcecode.c.objc; path = KeypadAddGuide1ViewController.m; sourceTree = "<group>"; };
		FCA6445A22A8ED1F0062463E /* KeypadViewController.h */ = {isa = PBXFileReference; fileEncoding = 4; lastKnownFileType = sourcecode.c.h; path = KeypadViewController.h; sourceTree = "<group>"; };
		FCA6446022A8ED400062463E /* HomeViewController.h */ = {isa = PBXFileReference; fileEncoding = 4; lastKnownFileType = sourcecode.c.h; path = HomeViewController.h; sourceTree = "<group>"; };
		FCA6446122A8ED400062463E /* HomeViewController.m */ = {isa = PBXFileReference; fileEncoding = 4; lastKnownFileType = sourcecode.c.objc; path = HomeViewController.m; sourceTree = "<group>"; };
		FCA6446322A8EE7F0062463E /* LockUpgradeViewController.m */ = {isa = PBXFileReference; fileEncoding = 4; lastKnownFileType = sourcecode.c.objc; path = LockUpgradeViewController.m; sourceTree = "<group>"; };
		FCA6446422A8EE7F0062463E /* LockUpgradeViewController.h */ = {isa = PBXFileReference; fileEncoding = 4; lastKnownFileType = sourcecode.c.h; path = LockUpgradeViewController.h; sourceTree = "<group>"; };
		FCA6446822A8EF260062463E /* GatewayUpgradeViewController.h */ = {isa = PBXFileReference; fileEncoding = 4; lastKnownFileType = sourcecode.c.h; path = GatewayUpgradeViewController.h; sourceTree = "<group>"; };
		FCA6446922A8EF260062463E /* GatewayUpgradeViewController.m */ = {isa = PBXFileReference; fileEncoding = 4; lastKnownFileType = sourcecode.c.objc; path = GatewayUpgradeViewController.m; sourceTree = "<group>"; };
		FCA6446A22A8EF260062463E /* Gateway2AddViewController.m */ = {isa = PBXFileReference; fileEncoding = 4; lastKnownFileType = sourcecode.c.objc; path = Gateway2AddViewController.m; sourceTree = "<group>"; };
		FCA6446B22A8EF260062463E /* GuideGatewayViewController.h */ = {isa = PBXFileReference; fileEncoding = 4; lastKnownFileType = sourcecode.c.h; path = GuideGatewayViewController.h; sourceTree = "<group>"; };
		FCA6446C22A8EF260062463E /* ChooseSSIDView.m */ = {isa = PBXFileReference; fileEncoding = 4; lastKnownFileType = sourcecode.c.objc; path = ChooseSSIDView.m; sourceTree = "<group>"; };
		FCA6446D22A8EF260062463E /* ChooseGatewayViewController.h */ = {isa = PBXFileReference; fileEncoding = 4; lastKnownFileType = sourcecode.c.h; path = ChooseGatewayViewController.h; sourceTree = "<group>"; };
		FCA6446E22A8EF260062463E /* Gateway2AddViewController.h */ = {isa = PBXFileReference; fileEncoding = 4; lastKnownFileType = sourcecode.c.h; path = Gateway2AddViewController.h; sourceTree = "<group>"; };
		FCA6446F22A8EF260062463E /* GuideGatewayViewController.m */ = {isa = PBXFileReference; fileEncoding = 4; lastKnownFileType = sourcecode.c.objc; path = GuideGatewayViewController.m; sourceTree = "<group>"; };
		FCA6447022A8EF260062463E /* ChooseSSIDView.h */ = {isa = PBXFileReference; fileEncoding = 4; lastKnownFileType = sourcecode.c.h; path = ChooseSSIDView.h; sourceTree = "<group>"; };
		FCA6447122A8EF260062463E /* ChooseGatewayViewController.m */ = {isa = PBXFileReference; fileEncoding = 4; lastKnownFileType = sourcecode.c.objc; path = ChooseGatewayViewController.m; sourceTree = "<group>"; };
		FCA6447722A8EFE40062463E /* KeypadModel.h */ = {isa = PBXFileReference; fileEncoding = 4; lastKnownFileType = sourcecode.c.h; path = KeypadModel.h; sourceTree = "<group>"; };
		FCA6447822A8EFE40062463E /* KeypadModel.m */ = {isa = PBXFileReference; fileEncoding = 4; lastKnownFileType = sourcecode.c.objc; path = KeypadModel.m; sourceTree = "<group>"; };
		FCC800B522757B4A00A5C9B8 /* TTLockSourceCodeDemo.entitlements */ = {isa = PBXFileReference; lastKnownFileType = text.plist.entitlements; path = TTLockSourceCodeDemo.entitlements; sourceTree = "<group>"; };
		FCC800BC2275AEB300A5C9B8 /* GateWayDetailViewController.h */ = {isa = PBXFileReference; lastKnownFileType = sourcecode.c.h; path = GateWayDetailViewController.h; sourceTree = "<group>"; };
		FCC800BD2275AEB300A5C9B8 /* GateWayDetailViewController.m */ = {isa = PBXFileReference; lastKnownFileType = sourcecode.c.objc; path = GateWayDetailViewController.m; sourceTree = "<group>"; };
		FCC800BF2275B43800A5C9B8 /* GatewayListLockTableViewController.h */ = {isa = PBXFileReference; lastKnownFileType = sourcecode.c.h; path = GatewayListLockTableViewController.h; sourceTree = "<group>"; };
		FCC800C02275B43800A5C9B8 /* GatewayListLockTableViewController.m */ = {isa = PBXFileReference; lastKnownFileType = sourcecode.c.objc; path = GatewayListLockTableViewController.m; sourceTree = "<group>"; };
/* End PBXFileReference section */

/* Begin PBXFrameworksBuildPhase section */
		4F61AF6C2255CE0A008979D2 /* Frameworks */ = {
			isa = PBXFrameworksBuildPhase;
			buildActionMask = 2147483647;
			files = (
				FC94D9D8228266B20035BB07 /* TTLock.framework in Frameworks */,
				FC7EFF802281B2110003EF81 /* TTLockGateway.framework in Frameworks */,
				FC7EFF7D2281B1FF0003EF81 /* TTLockDFU.framework in Frameworks */,
				80F19A32A16C86DCFE35CDBD /* Pods_iOS_SDK_Demo.framework in Frameworks */,
			);
			runOnlyForDeploymentPostprocessing = 0;
		};
/* End PBXFrameworksBuildPhase section */

/* Begin PBXGroup section */
		33445B9B59D09465C0257EF2 /* Frameworks */ = {
			isa = PBXGroup;
			children = (
				97B14260C239E9DC85BBA438 /* Pods_TTLockManager.framework */,
				976EC5982C8F3FCCDE92ED32 /* Pods_iOS_SDK_Demo.framework */,
			);
			name = Frameworks;
			sourceTree = "<group>";
		};
		4F27C1A3226EA12A000FB7CF /* TTLockSourceCodeDemo */ = {
			isa = PBXGroup;
			children = (
				FCC800B522757B4A00A5C9B8 /* TTLockSourceCodeDemo.entitlements */,
				4F27C1DE226EA12A000FB7CF /* AppDelegate.h */,
				4F27C1FF226EA12A000FB7CF /* AppDelegate.m */,
				4F27C214226EA12A000FB7CF /* Views */,
				4F27C1EC226EA12A000FB7CF /* Utils */,
				4F27C1F4226EA12A000FB7CF /* Models */,
				4FC7DEDF226F054500CFEEEA /* Vendor */,
				4F27C1E0226EA12A000FB7CF /* Assets.xcassets */,
				4F27C22D226EA12A000FB7CF /* Categories */,
				4FF3A0EE226EA59800340C8A /* Info.plist */,
				4F27C1EF226EA12A000FB7CF /* LaunchScreen.storyboard */,
				4F27C1F3226EA12A000FB7CF /* main.m */,
				4F7AD0C32280027C002A7B1A /* Localizable.strings */,
				4F27C235226EA12A000FB7CF /* TTLockDemoPrefixHeader.pch */,
			);
			path = TTLockSourceCodeDemo;
			sourceTree = "<group>";
		};
		4F27C1EC226EA12A000FB7CF /* Utils */ = {
			isa = PBXGroup;
			children = (
				4F27C1ED226EA12A000FB7CF /* NetUtil.h */,
				4F27C1EE226EA12A000FB7CF /* NetUtil.m */,
			);
			path = Utils;
			sourceTree = "<group>";
		};
		4F27C1F4226EA12A000FB7CF /* Models */ = {
			isa = PBXGroup;
			children = (
				FCA6447722A8EFE40062463E /* KeypadModel.h */,
				FCA6447822A8EFE40062463E /* KeypadModel.m */,
				FC24AB552273071500EC47E7 /* FirmwareUpdateModel.h */,
				FC24AB542273071500EC47E7 /* FirmwareUpdateModel.m */,
				4F27C1FA226EA12A000FB7CF /* FingerprintModel.h */,
				4F27C1F6226EA12A000FB7CF /* FingerprintModel.m */,
				4F27C1FE226EA12A000FB7CF /* ICCardModel.h */,
				4F27C1F8226EA12A000FB7CF /* ICCardModel.m */,
				4F27C1FC226EA12A000FB7CF /* KeyModel.h */,
				4F27C1F7226EA12A000FB7CF /* KeyModel.m */,
				4F27C1F5226EA12A000FB7CF /* LockModel.h */,
				4F27C1FB226EA12A000FB7CF /* LockModel.m */,
				4F27C1FD226EA12A000FB7CF /* UserModel.h */,
				4F27C1F9226EA12A000FB7CF /* UserModel.m */,
				4FCF8FE72272F99D00ABA614 /* GatewayModel.h */,
				4FCF8FE82272F99D00ABA614 /* GatewayModel.m */,
				FC8D1C0922768DAC002E21D0 /* GatewayLockListModel.h */,
				FC8D1C0A22768DAC002E21D0 /* GatewayLockListModel.m */,
			);
			path = Models;
			sourceTree = "<group>";
		};
		4F27C214226EA12A000FB7CF /* Views */ = {
			isa = PBXGroup;
			children = (
				FCA6446022A8ED400062463E /* HomeViewController.h */,
				FCA6446122A8ED400062463E /* HomeViewController.m */,
				FCA6445022A8ECF40062463E /* WirelessKeypad */,
				4FCF8FD122729F6A00ABA614 /* Gateway */,
				4F27C215226EA12A000FB7CF /* Lock */,
				4F27C22A226EA12A000FB7CF /* Login */,
			);
			path = Views;
			sourceTree = "<group>";
		};
		4F27C215226EA12A000FB7CF /* Lock */ = {
			isa = PBXGroup;
			children = (
				4FE306FD2271C17400AB5373 /* Cards */,
				4FE306FF2271C1E400AB5373 /* Ekey */,
				4FE306FE2271C1C400AB5373 /* Fingerprints */,
				4F27C21A226EA12A000FB7CF /* LockAddViewController.h */,
				4F27C226226EA12A000FB7CF /* LockAddViewController.m */,
				4F27C228226EA12A000FB7CF /* LockTableViewController.h */,
				4F27C21E226EA12A000FB7CF /* LockTableViewController.m */,
				4F27C216226EA12A000FB7CF /* LockViewController.h */,
				4F27C220226EA12A000FB7CF /* LockViewController.m */,
				4FE307012271C26E00AB5373 /* Passcodes */,
				4FE307022271C27A00AB5373 /* Upgrade */,
			);
			path = Lock;
			sourceTree = "<group>";
		};
		4F27C22A226EA12A000FB7CF /* Login */ = {
			isa = PBXGroup;
			children = (
				4F27C22B226EA12A000FB7CF /* LoginViewController.m */,
				4F27C22C226EA12A000FB7CF /* LoginViewController.h */,
			);
			path = Login;
			sourceTree = "<group>";
		};
		4F27C22D226EA12A000FB7CF /* Categories */ = {
			isa = PBXGroup;
			children = (
				4F27C22E226EA12A000FB7CF /* NSString+Extension.h */,
				4F27C22F226EA12A000FB7CF /* NSDate+Extension.h */,
				4F27C230226EA12A000FB7CF /* UIView+Extension.h */,
				4F27C231226EA12A000FB7CF /* NSDate+Extension.m */,
				4F27C232226EA12A000FB7CF /* NSString+Extension.m */,
				4F27C233226EA12A000FB7CF /* UIView+Extension.m */,
			);
			path = Categories;
			sourceTree = "<group>";
		};
		4F61AF662255CE0A008979D2 = {
			isa = PBXGroup;
			children = (
				FC7EFEF5228195360003EF81 /* TTLockFrameworks */,
				4F27C1A3226EA12A000FB7CF /* TTLockSourceCodeDemo */,
				4F61AF702255CE0A008979D2 /* Products */,
				D7FD3A00F4A63DFA2DE840D0 /* Pods */,
				33445B9B59D09465C0257EF2 /* Frameworks */,
			);
			sourceTree = "<group>";
		};
		4F61AF702255CE0A008979D2 /* Products */ = {
			isa = PBXGroup;
			children = (
				4F61AF6F2255CE0A008979D2 /* TTLockSourceCodeDemo.app */,
			);
			name = Products;
			sourceTree = "<group>";
		};
		4FC7DEDF226F054500CFEEEA /* Vendor */ = {
			isa = PBXGroup;
			children = (
				4F27C217226EA12A000FB7CF /* NavigationController.h */,
				4F27C223226EA12A000FB7CF /* NavigationController.m */,
				4FC7DEE0226F056C00CFEEEA /* KMDatePicker */,
				4FCF8FDE2272B4C500ABA614 /* RoundCornerButton.h */,
				4FCF8FDF2272B4C500ABA614 /* RoundCornerButton.m */,
			);
			path = Vendor;
			sourceTree = "<group>";
		};
		4FC7DEE0226F056C00CFEEEA /* KMDatePicker */ = {
			isa = PBXGroup;
			children = (
				4FC7DEE2226F056C00CFEEEA /* DateHelper.h */,
				4FC7DEE7226F056C00CFEEEA /* DateHelper.m */,
				4FC7DEE3226F056C00CFEEEA /* KMDatePicker.h */,
				4FC7DEE6226F056C00CFEEEA /* KMDatePicker.m */,
				4FC7DEE4226F056C00CFEEEA /* KMDatePickerDateModel.h */,
				4FC7DEE8226F056C00CFEEEA /* KMDatePickerDateModel.m */,
				4FC7DEE1226F056C00CFEEEA /* NSDate+CalculateDay.h */,
				4FC7DEE5226F056C00CFEEEA /* NSDate+CalculateDay.m */,
			);
			path = KMDatePicker;
			sourceTree = "<group>";
		};
		4FCF8FD122729F6A00ABA614 /* Gateway */ = {
			isa = PBXGroup;
			children = (
				4FCF8FD22272A0FB00ABA614 /* GatewayTableViewController.h */,
				4FCF8FD32272A0FB00ABA614 /* GatewayTableViewController.m */,
				FCC800BC2275AEB300A5C9B8 /* GateWayDetailViewController.h */,
				FCC800BD2275AEB300A5C9B8 /* GateWayDetailViewController.m */,
				4FCF8FE42272DF9D00ABA614 /* GatewayTypeTableViewController.h */,
				4FCF8FE52272DF9D00ABA614 /* GatewayTypeTableViewController.m */,
				FCC800BF2275B43800A5C9B8 /* GatewayListLockTableViewController.h */,
				FCC800C02275B43800A5C9B8 /* GatewayListLockTableViewController.m */,
				FCA6446622A8EF260062463E /* G2 */,
				FCC800B022756D1000A5C9B8 /* G1 */,
			);
			path = Gateway;
			sourceTree = "<group>";
		};
		4FE306FD2271C17400AB5373 /* Cards */ = {
			isa = PBXGroup;
			children = (
				4F27C221226EA12A000FB7CF /* ICCardTableViewController.h */,
				4F27C219226EA12A000FB7CF /* ICCardTableViewController.m */,
				4F27C21F226EA12A000FB7CF /* ICCardViewController.h */,
				4F27C227226EA12A000FB7CF /* ICCardViewController.m */,
			);
			path = Cards;
			sourceTree = "<group>";
		};
		4FE306FE2271C1C400AB5373 /* Fingerprints */ = {
			isa = PBXGroup;
			children = (
				4F27C21D226EA12A000FB7CF /* FingerprintTableViewController.h */,
				4F27C229226EA12A000FB7CF /* FingerprintTableViewController.m */,
				4F27C218226EA12A000FB7CF /* FingerprintViewController.h */,
				4F27C222226EA12A000FB7CF /* FingerprintViewController.m */,
			);
			path = Fingerprints;
			sourceTree = "<group>";
		};
		4FE306FF2271C1E400AB5373 /* Ekey */ = {
			isa = PBXGroup;
			children = (
				4F27C225226EA12A000FB7CF /* KeyViewController.h */,
				4F27C21B226EA12A000FB7CF /* KeyViewController.m */,
			);
			path = Ekey;
			sourceTree = "<group>";
		};
		4FE307012271C26E00AB5373 /* Passcodes */ = {
			isa = PBXGroup;
			children = (
				4FC7DEDC226EEC0C00CFEEEA /* PasscodeViewController.h */,
				4FC7DEDD226EEC0C00CFEEEA /* PasscodeViewController.m */,
			);
			path = Passcodes;
			sourceTree = "<group>";
		};
		4FE307022271C27A00AB5373 /* Upgrade */ = {
			isa = PBXGroup;
			children = (
				FCA6446422A8EE7F0062463E /* LockUpgradeViewController.h */,
				FCA6446322A8EE7F0062463E /* LockUpgradeViewController.m */,
			);
			path = Upgrade;
			sourceTree = "<group>";
		};
		D7FD3A00F4A63DFA2DE840D0 /* Pods */ = {
			isa = PBXGroup;
			children = (
				D6D9C1B0CFD0988EECBF3369 /* Pods-TTLockManager.debug.xcconfig */,
				B137C2C10E2CA29C8E6C966F /* Pods-TTLockManager.release.xcconfig */,
				66026471FCA3E154C8DE3C75 /* Pods-TTLockSourceCodeDemo.debug.xcconfig */,
				7515659158804CFCB9B58328 /* Pods-TTLockSourceCodeDemo.release.xcconfig */,
				E6B911AF83DA639756DCA506 /* Pods-iOS_SDK_Demo.debug.xcconfig */,
				9583F189A7394FDEAFC9B19E /* Pods-iOS_SDK_Demo.release.xcconfig */,
			);
			name = Pods;
			sourceTree = "<group>";
		};
		FC7EFEF5228195360003EF81 /* TTLockFrameworks */ = {
			isa = PBXGroup;
			children = (
				FC94D9D6228266820035BB07 /* TTLock.framework */,
				FC7EFF7E2281B20A0003EF81 /* TTLockGateway.framework */,
				FC7EFF7C2281B1FF0003EF81 /* TTLockDFU.framework */,
			);
			path = TTLockFrameworks;
			sourceTree = "<group>";
		};
		FCA6445022A8ECF40062463E /* WirelessKeypad */ = {
			isa = PBXGroup;
			children = (
				FCA6445522A8ED1E0062463E /* KeypadAddGuide1ViewController.h */,
				FCA6445922A8ED1E0062463E /* KeypadAddGuide1ViewController.m */,
				FCA6445322A8ED1E0062463E /* KeypadAddGuide2ViewController.h */,
				FCA6445622A8ED1E0062463E /* KeypadAddGuide2ViewController.m */,
				FCA6445222A8ED1E0062463E /* KeypadAddViewController.h */,
				FCA6445422A8ED1E0062463E /* KeypadAddViewController.m */,
				FCA6445822A8ED1E0062463E /* KeypadTableViewController.h */,
				FCA6445722A8ED1E0062463E /* KeypadTableViewController.m */,
				FCA6445A22A8ED1F0062463E /* KeypadViewController.h */,
				FCA6445122A8ED1E0062463E /* KeypadViewController.m */,
			);
			path = WirelessKeypad;
			sourceTree = "<group>";
		};
		FCA6446622A8EF260062463E /* G2 */ = {
			isa = PBXGroup;
			children = (
				FCA6446722A8EF260062463E /* Upgrade */,
				FCA6446A22A8EF260062463E /* Gateway2AddViewController.m */,
				FCA6446B22A8EF260062463E /* GuideGatewayViewController.h */,
				FCA6446C22A8EF260062463E /* ChooseSSIDView.m */,
				FCA6446D22A8EF260062463E /* ChooseGatewayViewController.h */,
				FCA6446E22A8EF260062463E /* Gateway2AddViewController.h */,
				FCA6446F22A8EF260062463E /* GuideGatewayViewController.m */,
				FCA6447022A8EF260062463E /* ChooseSSIDView.h */,
				FCA6447122A8EF260062463E /* ChooseGatewayViewController.m */,
			);
			path = G2;
			sourceTree = "<group>";
		};
		FCA6446722A8EF260062463E /* Upgrade */ = {
			isa = PBXGroup;
			children = (
				FCA6446822A8EF260062463E /* GatewayUpgradeViewController.h */,
				FCA6446922A8EF260062463E /* GatewayUpgradeViewController.m */,
			);
			path = Upgrade;
			sourceTree = "<group>";
		};
		FCC800B022756D1000A5C9B8 /* G1 */ = {
			isa = PBXGroup;
			children = (
				4FCF8FD52272B16700ABA614 /* Gateway1AddViewController.h */,
				4FCF8FD62272B16700ABA614 /* Gateway1AddViewController.m */,
			);
			path = G1;
			sourceTree = "<group>";
		};
/* End PBXGroup section */

/* Begin PBXNativeTarget section */
		4F61AF6E2255CE0A008979D2 /* iOS_SDK_Demo */ = {
			isa = PBXNativeTarget;
			buildConfigurationList = 4F61AF852255CE0C008979D2 /* Build configuration list for PBXNativeTarget "iOS_SDK_Demo" */;
			buildPhases = (
				ACBD24446149C84679A4B32A /* [CP] Check Pods Manifest.lock */,
				4F61AF6B2255CE0A008979D2 /* Sources */,
				4F61AF6C2255CE0A008979D2 /* Frameworks */,
				4F61AF6D2255CE0A008979D2 /* Resources */,
				B70D5586B27FF10C3406D85E /* [CP] Embed Pods Frameworks */,
			);
			buildRules = (
			);
			dependencies = (
			);
			name = iOS_SDK_Demo;
			productName = TTLockManager;
			productReference = 4F61AF6F2255CE0A008979D2 /* TTLockSourceCodeDemo.app */;
			productType = "com.apple.product-type.application";
		};
/* End PBXNativeTarget section */

/* Begin PBXProject section */
		4F61AF672255CE0A008979D2 /* Project object */ = {
			isa = PBXProject;
			attributes = {
				LastUpgradeCheck = 1010;
				ORGANIZATIONNAME = Sciener;
				TargetAttributes = {
					4F61AF6E2255CE0A008979D2 = {
						CreatedOnToolsVersion = 10.1;
						SystemCapabilities = {
							com.apple.AccessWiFi = {
								enabled = 1;
							};
						};
					};
				};
			};
			buildConfigurationList = 4F61AF6A2255CE0A008979D2 /* Build configuration list for PBXProject "iOS_SDK_Demo" */;
			compatibilityVersion = "Xcode 9.3";
			developmentRegion = en;
			hasScannedForEncodings = 0;
			knownRegions = (
				en,
				Base,
				"zh-Hans",
			);
			mainGroup = 4F61AF662255CE0A008979D2;
			productRefGroup = 4F61AF702255CE0A008979D2 /* Products */;
			projectDirPath = "";
			projectRoot = "";
			targets = (
				4F61AF6E2255CE0A008979D2 /* iOS_SDK_Demo */,
			);
		};
/* End PBXProject section */

/* Begin PBXResourcesBuildPhase section */
		4F61AF6D2255CE0A008979D2 /* Resources */ = {
			isa = PBXResourcesBuildPhase;
			buildActionMask = 2147483647;
			files = (
				4F7AD0C12280027C002A7B1A /* Localizable.strings in Resources */,
				4FF3A0EF226EA59800340C8A /* Info.plist in Resources */,
				4F27C255226EA12A000FB7CF /* LaunchScreen.storyboard in Resources */,
				4F27C24E226EA12A000FB7CF /* Assets.xcassets in Resources */,
			);
			runOnlyForDeploymentPostprocessing = 0;
		};
/* End PBXResourcesBuildPhase section */

/* Begin PBXShellScriptBuildPhase section */
		ACBD24446149C84679A4B32A /* [CP] Check Pods Manifest.lock */ = {
			isa = PBXShellScriptBuildPhase;
			buildActionMask = 2147483647;
			files = (
			);
			inputFileListPaths = (
			);
			inputPaths = (
				"${PODS_PODFILE_DIR_PATH}/Podfile.lock",
				"${PODS_ROOT}/Manifest.lock",
			);
			name = "[CP] Check Pods Manifest.lock";
			outputFileListPaths = (
			);
			outputPaths = (
				"$(DERIVED_FILE_DIR)/Pods-iOS_SDK_Demo-checkManifestLockResult.txt",
			);
			runOnlyForDeploymentPostprocessing = 0;
			shellPath = /bin/sh;
			shellScript = "diff \"${PODS_PODFILE_DIR_PATH}/Podfile.lock\" \"${PODS_ROOT}/Manifest.lock\" > /dev/null\nif [ $? != 0 ] ; then\n    # print error to STDERR\n    echo \"error: The sandbox is not in sync with the Podfile.lock. Run 'pod install' or update your CocoaPods installation.\" >&2\n    exit 1\nfi\n# This output is used by Xcode 'outputs' to avoid re-running this script phase.\necho \"SUCCESS\" > \"${SCRIPT_OUTPUT_FILE_0}\"\n";
			showEnvVarsInLog = 0;
		};
		B70D5586B27FF10C3406D85E /* [CP] Embed Pods Frameworks */ = {
			isa = PBXShellScriptBuildPhase;
			buildActionMask = 2147483647;
			files = (
			);
			inputFileListPaths = (
			);
			inputPaths = (
				"${PODS_ROOT}/Target Support Files/Pods-iOS_SDK_Demo/Pods-iOS_SDK_Demo-frameworks.sh",
				"${BUILT_PRODUCTS_DIR}/AFNetworking/AFNetworking.framework",
				"${BUILT_PRODUCTS_DIR}/IQKeyboardManager/IQKeyboardManager.framework",
				"${BUILT_PRODUCTS_DIR}/MBProgressHUD/MBProgressHUD.framework",
				"${BUILT_PRODUCTS_DIR}/MJExtension/MJExtension.framework",
				"${BUILT_PRODUCTS_DIR}/Masonry/Masonry.framework",
				"${BUILT_PRODUCTS_DIR}/ZIPFoundation/ZIPFoundation.framework",
				"${BUILT_PRODUCTS_DIR}/iOSDFULibrary/iOSDFULibrary.framework",
			);
			name = "[CP] Embed Pods Frameworks";
			outputFileListPaths = (
			);
			outputPaths = (
				"${TARGET_BUILD_DIR}/${FRAMEWORKS_FOLDER_PATH}/AFNetworking.framework",
				"${TARGET_BUILD_DIR}/${FRAMEWORKS_FOLDER_PATH}/IQKeyboardManager.framework",
				"${TARGET_BUILD_DIR}/${FRAMEWORKS_FOLDER_PATH}/MBProgressHUD.framework",
				"${TARGET_BUILD_DIR}/${FRAMEWORKS_FOLDER_PATH}/MJExtension.framework",
				"${TARGET_BUILD_DIR}/${FRAMEWORKS_FOLDER_PATH}/Masonry.framework",
				"${TARGET_BUILD_DIR}/${FRAMEWORKS_FOLDER_PATH}/ZIPFoundation.framework",
				"${TARGET_BUILD_DIR}/${FRAMEWORKS_FOLDER_PATH}/iOSDFULibrary.framework",
			);
			runOnlyForDeploymentPostprocessing = 0;
			shellPath = /bin/sh;
			shellScript = "\"${PODS_ROOT}/Target Support Files/Pods-iOS_SDK_Demo/Pods-iOS_SDK_Demo-frameworks.sh\"\n";
			showEnvVarsInLog = 0;
		};
/* End PBXShellScriptBuildPhase section */

/* Begin PBXSourcesBuildPhase section */
		4F61AF6B2255CE0A008979D2 /* Sources */ = {
			isa = PBXSourcesBuildPhase;
			buildActionMask = 2147483647;
			files = (
				4FC7DEEC226F056C00CFEEEA /* KMDatePickerDateModel.m in Sources */,
				4FC7DEEB226F056C00CFEEEA /* DateHelper.m in Sources */,
				FCC800C12275B43800A5C9B8 /* GatewayListLockTableViewController.m in Sources */,
				4F27C26E226EA12A000FB7CF /* FingerprintTableViewController.m in Sources */,
				FCA6445F22A8ED1F0062463E /* KeypadAddGuide1ViewController.m in Sources */,
				4F27C272226EA12A000FB7CF /* UIView+Extension.m in Sources */,
				4F27C26B226EA12A000FB7CF /* NavigationController.m in Sources */,
				4F27C269226EA12A000FB7CF /* LockViewController.m in Sources */,
				4F27C257226EA12A000FB7CF /* FingerprintModel.m in Sources */,
				4F27C26D226EA12A000FB7CF /* ICCardViewController.m in Sources */,
				4F27C268226EA12A000FB7CF /* LockTableViewController.m in Sources */,
				4F27C26A226EA12A000FB7CF /* FingerprintViewController.m in Sources */,
				4F27C256226EA12A000FB7CF /* main.m in Sources */,
				4F27C259226EA12A000FB7CF /* ICCardModel.m in Sources */,
				FCA6447622A8EF260062463E /* ChooseGatewayViewController.m in Sources */,
				FCA6445B22A8ED1F0062463E /* KeypadViewController.m in Sources */,
				FC24AB562273071500EC47E7 /* FirmwareUpdateModel.m in Sources */,
				FCA6447522A8EF260062463E /* GuideGatewayViewController.m in Sources */,
				4F27C25C226EA12A000FB7CF /* AppDelegate.m in Sources */,
				4FC7DEEA226F056C00CFEEEA /* KMDatePicker.m in Sources */,
				FCC800BE2275AEB300A5C9B8 /* GateWayDetailViewController.m in Sources */,
				FC8D1C0B22768DAC002E21D0 /* GatewayLockListModel.m in Sources */,
				4FCF8FE62272DF9D00ABA614 /* GatewayTypeTableViewController.m in Sources */,
				4FCF8FD42272A0FB00ABA614 /* GatewayTableViewController.m in Sources */,
				FCA6446522A8EE7F0062463E /* LockUpgradeViewController.m in Sources */,
				4F27C26F226EA12A000FB7CF /* LoginViewController.m in Sources */,
				4F27C26C226EA12A000FB7CF /* LockAddViewController.m in Sources */,
				4FCF8FE92272F99D00ABA614 /* GatewayModel.m in Sources */,
				FCA6447322A8EF260062463E /* Gateway2AddViewController.m in Sources */,
				FCA6445D22A8ED1F0062463E /* KeypadAddGuide2ViewController.m in Sources */,
				FCA6445C22A8ED1F0062463E /* KeypadAddViewController.m in Sources */,
				4F27C25A226EA12A000FB7CF /* UserModel.m in Sources */,
				4F27C266226EA12A000FB7CF /* KeyViewController.m in Sources */,
				4FCF8FD72272B16700ABA614 /* Gateway1AddViewController.m in Sources */,
				FCA6446222A8ED400062463E /* HomeViewController.m in Sources */,
				4F27C254226EA12A000FB7CF /* NetUtil.m in Sources */,
				FCA6445E22A8ED1F0062463E /* KeypadTableViewController.m in Sources */,
				4F27C25B226EA12A000FB7CF /* LockModel.m in Sources */,
				4F27C270226EA12A000FB7CF /* NSDate+Extension.m in Sources */,
				FCA6447922A8EFE40062463E /* KeypadModel.m in Sources */,
				4FCF8FE02272B4C500ABA614 /* RoundCornerButton.m in Sources */,
				4F27C265226EA12A000FB7CF /* ICCardTableViewController.m in Sources */,
				4F27C258226EA12A000FB7CF /* KeyModel.m in Sources */,
				4F27C271226EA12A000FB7CF /* NSString+Extension.m in Sources */,
				4FC7DEE9226F056C00CFEEEA /* NSDate+CalculateDay.m in Sources */,
				FCA6447422A8EF260062463E /* ChooseSSIDView.m in Sources */,
				4FC7DEDE226EEC0C00CFEEEA /* PasscodeViewController.m in Sources */,
				FCA6447222A8EF260062463E /* GatewayUpgradeViewController.m in Sources */,
			);
			runOnlyForDeploymentPostprocessing = 0;
		};
/* End PBXSourcesBuildPhase section */

/* Begin PBXVariantGroup section */
		4F27C1EF226EA12A000FB7CF /* LaunchScreen.storyboard */ = {
			isa = PBXVariantGroup;
			children = (
				4F27C1F0226EA12A000FB7CF /* Base */,
				4F7AD0BE2280016C002A7B1A /* zh-Hans */,
			);
			name = LaunchScreen.storyboard;
			sourceTree = "<group>";
		};
		4F7AD0C32280027C002A7B1A /* Localizable.strings */ = {
			isa = PBXVariantGroup;
			children = (
				4F7AD0C22280027C002A7B1A /* en */,
				4F7AD0C42280027F002A7B1A /* zh-Hans */,
			);
			name = Localizable.strings;
			sourceTree = "<group>";
		};
/* End PBXVariantGroup section */

/* Begin XCBuildConfiguration section */
		4F61AF832255CE0C008979D2 /* Debug */ = {
			isa = XCBuildConfiguration;
			buildSettings = {
				ALWAYS_SEARCH_USER_PATHS = NO;
				CLANG_ANALYZER_LOCALIZABILITY_NONLOCALIZED = YES;
				CLANG_ANALYZER_NONNULL = YES;
				CLANG_ANALYZER_NUMBER_OBJECT_CONVERSION = YES_AGGRESSIVE;
				CLANG_CXX_LANGUAGE_STANDARD = "gnu++14";
				CLANG_CXX_LIBRARY = "libc++";
				CLANG_ENABLE_MODULES = YES;
				CLANG_ENABLE_OBJC_ARC = YES;
				CLANG_ENABLE_OBJC_WEAK = YES;
				CLANG_WARN_BLOCK_CAPTURE_AUTORELEASING = YES;
				CLANG_WARN_BOOL_CONVERSION = YES;
				CLANG_WARN_COMMA = YES;
				CLANG_WARN_CONSTANT_CONVERSION = YES;
				CLANG_WARN_DEPRECATED_OBJC_IMPLEMENTATIONS = YES;
				CLANG_WARN_DIRECT_OBJC_ISA_USAGE = YES_ERROR;
				CLANG_WARN_DOCUMENTATION_COMMENTS = YES;
				CLANG_WARN_EMPTY_BODY = YES;
				CLANG_WARN_ENUM_CONVERSION = YES;
				CLANG_WARN_INFINITE_RECURSION = YES;
				CLANG_WARN_INT_CONVERSION = YES;
				CLANG_WARN_NON_LITERAL_NULL_CONVERSION = YES;
				CLANG_WARN_OBJC_IMPLICIT_RETAIN_SELF = YES;
				CLANG_WARN_OBJC_LITERAL_CONVERSION = YES;
				CLANG_WARN_OBJC_ROOT_CLASS = YES_ERROR;
				CLANG_WARN_RANGE_LOOP_ANALYSIS = YES;
				CLANG_WARN_STRICT_PROTOTYPES = YES;
				CLANG_WARN_SUSPICIOUS_MOVE = YES;
				CLANG_WARN_UNGUARDED_AVAILABILITY = YES_AGGRESSIVE;
				CLANG_WARN_UNREACHABLE_CODE = YES;
				CLANG_WARN__DUPLICATE_METHOD_MATCH = YES;
				CODE_SIGN_IDENTITY = "iPhone Developer";
				COPY_PHASE_STRIP = NO;
				DEBUG_INFORMATION_FORMAT = dwarf;
				ENABLE_STRICT_OBJC_MSGSEND = YES;
				ENABLE_TESTABILITY = YES;
				GCC_C_LANGUAGE_STANDARD = gnu11;
				GCC_DYNAMIC_NO_PIC = NO;
				GCC_NO_COMMON_BLOCKS = YES;
				GCC_OPTIMIZATION_LEVEL = 0;
				GCC_PREPROCESSOR_DEFINITIONS = (
					"DEBUG=1",
					"$(inherited)",
				);
				GCC_WARN_64_TO_32_BIT_CONVERSION = YES;
				GCC_WARN_ABOUT_RETURN_TYPE = YES_ERROR;
				GCC_WARN_UNDECLARED_SELECTOR = YES;
				GCC_WARN_UNINITIALIZED_AUTOS = YES_AGGRESSIVE;
				GCC_WARN_UNUSED_FUNCTION = YES;
				GCC_WARN_UNUSED_VARIABLE = YES;
				IPHONEOS_DEPLOYMENT_TARGET = 12.1;
				MTL_ENABLE_DEBUG_INFO = INCLUDE_SOURCE;
				MTL_FAST_MATH = YES;
				ONLY_ACTIVE_ARCH = YES;
				SDKROOT = iphoneos;
			};
			name = Debug;
		};
		4F61AF842255CE0C008979D2 /* Release */ = {
			isa = XCBuildConfiguration;
			buildSettings = {
				ALWAYS_SEARCH_USER_PATHS = NO;
				CLANG_ANALYZER_LOCALIZABILITY_NONLOCALIZED = YES;
				CLANG_ANALYZER_NONNULL = YES;
				CLANG_ANALYZER_NUMBER_OBJECT_CONVERSION = YES_AGGRESSIVE;
				CLANG_CXX_LANGUAGE_STANDARD = "gnu++14";
				CLANG_CXX_LIBRARY = "libc++";
				CLANG_ENABLE_MODULES = YES;
				CLANG_ENABLE_OBJC_ARC = YES;
				CLANG_ENABLE_OBJC_WEAK = YES;
				CLANG_WARN_BLOCK_CAPTURE_AUTORELEASING = YES;
				CLANG_WARN_BOOL_CONVERSION = YES;
				CLANG_WARN_COMMA = YES;
				CLANG_WARN_CONSTANT_CONVERSION = YES;
				CLANG_WARN_DEPRECATED_OBJC_IMPLEMENTATIONS = YES;
				CLANG_WARN_DIRECT_OBJC_ISA_USAGE = YES_ERROR;
				CLANG_WARN_DOCUMENTATION_COMMENTS = YES;
				CLANG_WARN_EMPTY_BODY = YES;
				CLANG_WARN_ENUM_CONVERSION = YES;
				CLANG_WARN_INFINITE_RECURSION = YES;
				CLANG_WARN_INT_CONVERSION = YES;
				CLANG_WARN_NON_LITERAL_NULL_CONVERSION = YES;
				CLANG_WARN_OBJC_IMPLICIT_RETAIN_SELF = YES;
				CLANG_WARN_OBJC_LITERAL_CONVERSION = YES;
				CLANG_WARN_OBJC_ROOT_CLASS = YES_ERROR;
				CLANG_WARN_RANGE_LOOP_ANALYSIS = YES;
				CLANG_WARN_STRICT_PROTOTYPES = YES;
				CLANG_WARN_SUSPICIOUS_MOVE = YES;
				CLANG_WARN_UNGUARDED_AVAILABILITY = YES_AGGRESSIVE;
				CLANG_WARN_UNREACHABLE_CODE = YES;
				CLANG_WARN__DUPLICATE_METHOD_MATCH = YES;
				CODE_SIGN_IDENTITY = "iPhone Developer";
				COPY_PHASE_STRIP = NO;
				DEBUG_INFORMATION_FORMAT = "dwarf-with-dsym";
				ENABLE_NS_ASSERTIONS = NO;
				ENABLE_STRICT_OBJC_MSGSEND = YES;
				GCC_C_LANGUAGE_STANDARD = gnu11;
				GCC_NO_COMMON_BLOCKS = YES;
				GCC_WARN_64_TO_32_BIT_CONVERSION = YES;
				GCC_WARN_ABOUT_RETURN_TYPE = YES_ERROR;
				GCC_WARN_UNDECLARED_SELECTOR = YES;
				GCC_WARN_UNINITIALIZED_AUTOS = YES_AGGRESSIVE;
				GCC_WARN_UNUSED_FUNCTION = YES;
				GCC_WARN_UNUSED_VARIABLE = YES;
				IPHONEOS_DEPLOYMENT_TARGET = 12.1;
				MTL_ENABLE_DEBUG_INFO = NO;
				MTL_FAST_MATH = YES;
				SDKROOT = iphoneos;
				VALIDATE_PRODUCT = YES;
			};
			name = Release;
		};
		4F61AF862255CE0C008979D2 /* Debug */ = {
			isa = XCBuildConfiguration;
			baseConfigurationReference = E6B911AF83DA639756DCA506 /* Pods-iOS_SDK_Demo.debug.xcconfig */;
			buildSettings = {
				ASSETCATALOG_COMPILER_APPICON_NAME = AppIcon;
				CLANG_WARN_OBJC_IMPLICIT_RETAIN_SELF = NO;
				CODE_SIGN_ENTITLEMENTS = TTLockSourceCodeDemo/TTLockSourceCodeDemo.entitlements;
				CODE_SIGN_IDENTITY = "iPhone Developer";
				CODE_SIGN_STYLE = Automatic;
				DEVELOPMENT_TEAM = W384X4TB6S;
				ENABLE_STRICT_OBJC_MSGSEND = NO;
				FRAMEWORK_SEARCH_PATHS = (
					"$(inherited)",
					"$(PROJECT_DIR)/TTLockFrameworks",
				);
				GCC_PREFIX_HEADER = TTLockSourceCodeDemo/TTLockDemoPrefixHeader.pch;
				INFOPLIST_FILE = TTLockSourceCodeDemo/Info.plist;
				IPHONEOS_DEPLOYMENT_TARGET = 9.0;
				LD_RUNPATH_SEARCH_PATHS = (
					"$(inherited)",
					"@executable_path/Frameworks",
				);
				LIBRARY_SEARCH_PATHS = (
					"$(inherited)",
					"$(PROJECT_DIR)/TTLockManager/TTLockGateway/G1",
					"$(PROJECT_DIR)/TTLockSourceCodeDemo/TTLockGateway/G1",
					"$(PROJECT_DIR)/TTLockSourceCodeDemo/G1/SmartLinkSDK",
				);
				OTHER_LDFLAGS = (
					"$(inherited)",
					"-framework",
					"\"AFNetworking\"",
					"-framework",
					"\"CoreGraphics\"",
					"-framework",
					"\"Foundation\"",
					"-framework",
					"\"IQKeyboardManager\"",
					"-framework",
					"\"MBProgressHUD\"",
					"-framework",
					"\"MJExtension\"",
					"-framework",
					"\"Masonry\"",
					"-framework",
					"\"MobileCoreServices\"",
					"-framework",
					"\"QuartzCore\"",
					"-framework",
					"\"Security\"",
					"-framework",
					"\"SystemConfiguration\"",
					"-framework",
					"\"UIKit\"",
					"-framework",
					"\"ZIPFoundation\"",
					"-framework",
					"\"iOSDFULibrary\"",
					"-ObjC",
				);
				PRODUCT_BUNDLE_IDENTIFIER = TTLock.Demo;
				PRODUCT_NAME = "$(TARGET_NAME)";
				PROVISIONING_PROFILE_SPECIFIER = "";
				SWIFT_VERSION = 4.0;
				TARGETED_DEVICE_FAMILY = "1,2";
			};
			name = Debug;
		};
		4F61AF872255CE0C008979D2 /* Release */ = {
			isa = XCBuildConfiguration;
			baseConfigurationReference = 9583F189A7394FDEAFC9B19E /* Pods-iOS_SDK_Demo.release.xcconfig */;
			buildSettings = {
				ASSETCATALOG_COMPILER_APPICON_NAME = AppIcon;
				CLANG_WARN_OBJC_IMPLICIT_RETAIN_SELF = NO;
				CODE_SIGN_ENTITLEMENTS = TTLockSourceCodeDemo/TTLockSourceCodeDemo.entitlements;
				CODE_SIGN_IDENTITY = "iPhone Developer";
				CODE_SIGN_STYLE = Automatic;
				DEVELOPMENT_TEAM = W384X4TB6S;
				ENABLE_STRICT_OBJC_MSGSEND = NO;
				FRAMEWORK_SEARCH_PATHS = (
					"$(inherited)",
					"$(PROJECT_DIR)/TTLockFrameworks",
				);
				GCC_PREFIX_HEADER = TTLockSourceCodeDemo/TTLockDemoPrefixHeader.pch;
				INFOPLIST_FILE = TTLockSourceCodeDemo/Info.plist;
				IPHONEOS_DEPLOYMENT_TARGET = 9.0;
				LD_RUNPATH_SEARCH_PATHS = (
					"$(inherited)",
					"@executable_path/Frameworks",
				);
				LIBRARY_SEARCH_PATHS = (
					"$(inherited)",
					"$(PROJECT_DIR)/TTLockManager/TTLockGateway/G1",
					"$(PROJECT_DIR)/TTLockSourceCodeDemo/TTLockGateway/G1",
					"$(PROJECT_DIR)/TTLockSourceCodeDemo/G1/SmartLinkSDK",
				);
				OTHER_LDFLAGS = (
					"$(inherited)",
					"-framework",
					"\"AFNetworking\"",
					"-framework",
					"\"CoreGraphics\"",
					"-framework",
					"\"Foundation\"",
					"-framework",
					"\"IQKeyboardManager\"",
					"-framework",
					"\"MBProgressHUD\"",
					"-framework",
					"\"MJExtension\"",
					"-framework",
					"\"Masonry\"",
					"-framework",
					"\"MobileCoreServices\"",
					"-framework",
					"\"QuartzCore\"",
					"-framework",
					"\"Security\"",
					"-framework",
					"\"SystemConfiguration\"",
					"-framework",
					"\"UIKit\"",
					"-framework",
					"\"ZIPFoundation\"",
					"-framework",
					"\"iOSDFULibrary\"",
					"-ObjC",
				);
				PRODUCT_BUNDLE_IDENTIFIER = TTLock.Demo;
				PRODUCT_NAME = "$(TARGET_NAME)";
				PROVISIONING_PROFILE_SPECIFIER = "";
				SWIFT_VERSION = 4.0;
				TARGETED_DEVICE_FAMILY = "1,2";
			};
			name = Release;
		};
/* End XCBuildConfiguration section */

/* Begin XCConfigurationList section */
		4F61AF6A2255CE0A008979D2 /* Build configuration list for PBXProject "iOS_SDK_Demo" */ = {
			isa = XCConfigurationList;
			buildConfigurations = (
				4F61AF832255CE0C008979D2 /* Debug */,
				4F61AF842255CE0C008979D2 /* Release */,
			);
			defaultConfigurationIsVisible = 0;
			defaultConfigurationName = Release;
		};
		4F61AF852255CE0C008979D2 /* Build configuration list for PBXNativeTarget "iOS_SDK_Demo" */ = {
			isa = XCConfigurationList;
			buildConfigurations = (
				4F61AF862255CE0C008979D2 /* Debug */,
				4F61AF872255CE0C008979D2 /* Release */,
			);
			defaultConfigurationIsVisible = 0;
			defaultConfigurationName = Release;
		};
/* End XCConfigurationList section */
	};
	rootObject = 4F61AF672255CE0A008979D2 /* Project object */;
}
